
Microsoft Visual Studio Solution File, Format Version 12.00
# Visual Studio Version 16
VisualStudioVersion = 16.0.30804.86
MinimumVisualStudioVersion = 10.0.40219.1
Project("{FAE04EC0-301F-11D3-BF4B-00C04F79EFBC}") = "NREditor", "NREditor.csproj", "{3920AD51-71F0-4717-AB1F-997BD24381E8}"
EndProject
Global
	GlobalSection(SolutionConfigurationPlatforms) = preSolution
		Debug|Any CPU = Debug|Any CPU
		Release|Any CPU = Release|Any CPU
	EndGlobalSection
	GlobalSection(ProjectConfigurationPlatforms) = postSolution
		{3920AD51-71F0-4717-AB1F-997BD24381E8}.Debug|Any CPU.ActiveCfg = Debug|Any CPU
		{3920AD51-71F0-4717-AB1F-997BD24381E8}.Debug|Any CPU.Build.0 = Debug|Any CPU
		{3920AD51-71F0-4717-AB1F-997BD24381E8}.Release|Any CPU.ActiveCfg = Release|Any CPU
		{3920AD51-71F0-4717-AB1F-997BD24381E8}.Release|Any CPU.Build.0 = Release|Any CPU
	EndGlobalSection
	GlobalSection(SolutionProperties) = preSolution
		HideSolutionNode = FALSE
	EndGlobalSection
	GlobalSection(ExtensibilityGlobals) = postSolution
		SolutionGuid = {4A160BCB-14CF-40A1-9F26-FE8AC6547983}
	EndGlobalSection
EndGlobal
